
Microsoft Visual Studio Solution File, Format Version 12.00
# Visual Studio Version 17
VisualStudioVersion = 17.0.31919.166
MinimumVisualStudioVersion = 10.0.40219.1
Project("{FAE04EC0-301F-11D3-BF4B-00C04F79EFBC}") = "WpfSamples", "WpfSamples.csproj", "{F52F21C8-D015-4983-8100-D4759DC8F8DD}"
EndProject
Project("{FAE04EC0-301F-11D3-BF4B-00C04F79EFBC}") = "WpfSamples.UserControls", "..\WpfSamples.UserControls\WpfSamples.UserControls.csproj", "{B0E38B4E-8184-46EA-BE90-296AFA18B8B6}"
EndProject
Project("{FAE04EC0-301F-11D3-BF4B-00C04F79EFBC}") = "WpfSamples.CustomControls", "..\WpfSamples.CustomControls\WpfSamples.CustomControls.csproj", "{E8D1EEF3-42CB-4EFD-9953-8E3117A3ED0E}"
EndProject
Global
	GlobalSection(SolutionConfigurationPlatforms) = preSolution
		Debug|Any CPU = Debug|Any CPU
		Release|Any CPU = Release|Any CPU
	EndGlobalSection
	GlobalSection(ProjectConfigurationPlatforms) = postSolution
		{F52F21C8-D015-4983-8100-D4759DC8F8DD}.Debug|Any CPU.ActiveCfg = Debug|Any CPU
		{F52F21C8-D015-4983-8100-D4759DC8F8DD}.Debug|Any CPU.Build.0 = Debug|Any CPU
		{F52F21C8-D015-4983-8100-D4759DC8F8DD}.Release|Any CPU.ActiveCfg = Release|Any CPU
		{F52F21C8-D015-4983-8100-D4759DC8F8DD}.Release|Any CPU.Build.0 = Release|Any CPU
		{B0E38B4E-8184-46EA-BE90-296AFA18B8B6}.Debug|Any CPU.ActiveCfg = Debug|Any CPU
		{B0E38B4E-8184-46EA-BE90-296AFA18B8B6}.Debug|Any CPU.Build.0 = Debug|Any CPU
		{B0E38B4E-8184-46EA-BE90-296AFA18B8B6}.Release|Any CPU.ActiveCfg = Release|Any CPU
		{B0E38B4E-8184-46EA-BE90-296AFA18B8B6}.Release|Any CPU.Build.0 = Release|Any CPU
		{E8D1EEF3-42CB-4EFD-9953-8E3117A3ED0E}.Debug|Any CPU.ActiveCfg = Debug|Any CPU
		{E8D1EEF3-42CB-4EFD-9953-8E3117A3ED0E}.Debug|Any CPU.Build.0 = Debug|Any CPU
		{E8D1EEF3-42CB-4EFD-9953-8E3117A3ED0E}.Release|Any CPU.ActiveCfg = Release|Any CPU
		{E8D1EEF3-42CB-4EFD-9953-8E3117A3ED0E}.Release|Any CPU.Build.0 = Release|Any CPU
	EndGlobalSection
	GlobalSection(SolutionProperties) = preSolution
		HideSolutionNode = FALSE
	EndGlobalSection
	GlobalSection(ExtensibilityGlobals) = postSolution
		SolutionGuid = {24C71076-F925-41B3-8994-A72553C30DBF}
	EndGlobalSection
EndGlobal
